
Microsoft Visual Studio Solution File, Format Version 12.00
# Visual Studio Version 17
VisualStudioVersion = 17.9.34622.214
MinimumVisualStudioVersion = 10.0.40219.1
Project("{FAE04EC0-301F-11D3-BF4B-00C04F79EFBC}") = "CheckDatabaseAspDotNetWeb", "CheckDatabaseAspDotNetWeb\CheckDatabaseAspDotNetWeb.csproj", "{5038F803-3EF4-4E1B-8FE0-57BA822AD4BE}"
EndProject
Global
	GlobalSection(SolutionConfigurationPlatforms) = preSolution
		Debug|Any CPU = Debug|Any CPU
		Release|Any CPU = Release|Any CPU
	EndGlobalSection
	GlobalSection(ProjectConfigurationPlatforms) = postSolution
		{5038F803-3EF4-4E1B-8FE0-57BA822AD4BE}.Debug|Any CPU.ActiveCfg = Debug|Any CPU
		{5038F803-3EF4-4E1B-8FE0-57BA822AD4BE}.Debug|Any CPU.Build.0 = Debug|Any CPU
		{5038F803-3EF4-4E1B-8FE0-57BA822AD4BE}.Release|Any CPU.ActiveCfg = Release|Any CPU
		{5038F803-3EF4-4E1B-8FE0-57BA822AD4BE}.Release|Any CPU.Build.0 = Release|Any CPU
	EndGlobalSection
	GlobalSection(SolutionProperties) = preSolution
		HideSolutionNode = FALSE
	EndGlobalSection
	GlobalSection(ExtensibilityGlobals) = postSolution
		SolutionGuid = {9DF3BB9A-6D45-4465-9CAE-62585B78B846}
	EndGlobalSection
EndGlobal
